
Microsoft Visual Studio Solution File, Format Version 12.00
# Visual Studio Version 16
VisualStudioVersion = 16.0.29609.76
MinimumVisualStudioVersion = 10.0.40219.1
Project("{8BC9CEB8-8B4A-11D0-8D11-00A0C91BC942}") = "LibrarySoftware", "LibrarySoftware\LibrarySoftware.vcxproj", "{AF0C1268-473C-4168-BF9F-2405D4F977AC}"
EndProject
Project("{8BC9CEB8-8B4A-11D0-8D11-00A0C91BC942}") = "Connect_to_DB", "Connect_to_DB\Connect_to_DB.vcxproj", "{04E0EA28-C791-493A-B0C3-1E16BC7CEC3E}"
EndProject
Global
	GlobalSection(SolutionConfigurationPlatforms) = preSolution
		Debug|x64 = Debug|x64
		Debug|x86 = Debug|x86
		Release|x64 = Release|x64
		Release|x86 = Release|x86
	EndGlobalSection
	GlobalSection(ProjectConfigurationPlatforms) = postSolution
		{AF0C1268-473C-4168-BF9F-2405D4F977AC}.Debug|x64.ActiveCfg = Debug|x64
		{AF0C1268-473C-4168-BF9F-2405D4F977AC}.Debug|x64.Build.0 = Debug|x64
		{AF0C1268-473C-4168-BF9F-2405D4F977AC}.Debug|x86.ActiveCfg = Debug|Win32
		{AF0C1268-473C-4168-BF9F-2405D4F977AC}.Debug|x86.Build.0 = Debug|Win32
		{AF0C1268-473C-4168-BF9F-2405D4F977AC}.Release|x64.ActiveCfg = Release|x64
		{AF0C1268-473C-4168-BF9F-2405D4F977AC}.Release|x64.Build.0 = Release|x64
		{AF0C1268-473C-4168-BF9F-2405D4F977AC}.Release|x86.ActiveCfg = Release|Win32
		{AF0C1268-473C-4168-BF9F-2405D4F977AC}.Release|x86.Build.0 = Release|Win32
		{04E0EA28-C791-493A-B0C3-1E16BC7CEC3E}.Debug|x64.ActiveCfg = Debug|x64
		{04E0EA28-C791-493A-B0C3-1E16BC7CEC3E}.Debug|x64.Build.0 = Debug|x64
		{04E0EA28-C791-493A-B0C3-1E16BC7CEC3E}.Debug|x86.ActiveCfg = Debug|Win32
		{04E0EA28-C791-493A-B0C3-1E16BC7CEC3E}.Debug|x86.Build.0 = Debug|Win32
		{04E0EA28-C791-493A-B0C3-1E16BC7CEC3E}.Release|x64.ActiveCfg = Release|x64
		{04E0EA28-C791-493A-B0C3-1E16BC7CEC3E}.Release|x64.Build.0 = Release|x64
		{04E0EA28-C791-493A-B0C3-1E16BC7CEC3E}.Release|x86.ActiveCfg = Release|Win32
		{04E0EA28-C791-493A-B0C3-1E16BC7CEC3E}.Release|x86.Build.0 = Release|Win32
	EndGlobalSection
	GlobalSection(SolutionProperties) = preSolution
		HideSolutionNode = FALSE
	EndGlobalSection
	GlobalSection(ExtensibilityGlobals) = postSolution
		SolutionGuid = {4BBB9D1F-EA67-46BA-B867-7B2FD4DF6F3A}
	EndGlobalSection
EndGlobal
